
Microsoft Visual Studio Solution File, Format Version 12.00
# Visual Studio 15
VisualStudioVersion = 15.0.27130.2020
MinimumVisualStudioVersion = 10.0.40219.1
Project("{FAE04EC0-301F-11D3-BF4B-00C04F79EFBC}") = "Harkulwant.PalindromeChecker.Api", "Harkulwant.PalindromeChecker.Api\Harkulwant.PalindromeChecker.Api.csproj", "{ED5B35B6-F5DC-4382-A1B9-14BD76DF763C}"
EndProject
Project("{FAE04EC0-301F-11D3-BF4B-00C04F79EFBC}") = "Harkulwant.PalindromeChecker.Repository", "Harkulwant.PalindromeChecker.Repository\Harkulwant.PalindromeChecker.Repository.csproj", "{92199DD5-9763-45F6-86D8-3186B78D5C08}"
EndProject
Project("{FAE04EC0-301F-11D3-BF4B-00C04F79EFBC}") = "Harkulwant.PalindromeChecker.Test", "Harkulwant.PalindromeChecker.Test\Harkulwant.PalindromeChecker.Test.csproj", "{1E3C0922-729B-4717-ADFE-8F107B98946F}"
EndProject
Project("{FAE04EC0-301F-11D3-BF4B-00C04F79EFBC}") = "Harkulwant.PalindromeChecker.Model", "Harkulwant.PalindromeChecker.Model\Harkulwant.PalindromeChecker.Model.csproj", "{F89BD591-391B-49B3-BD49-C21ECA26B4E1}"
EndProject
Project("{FAE04EC0-301F-11D3-BF4B-00C04F79EFBC}") = "Harkulwant.PalindromeChecker.Service", "Harkulwant.PalindromeChecker.Service\Harkulwant.PalindromeChecker.Service.csproj", "{C02885CE-C4B7-4DEB-AD35-4DA372045DD0}"
EndProject
Global
	GlobalSection(SolutionConfigurationPlatforms) = preSolution
		Debug|Any CPU = Debug|Any CPU
		Release|Any CPU = Release|Any CPU
	EndGlobalSection
	GlobalSection(ProjectConfigurationPlatforms) = postSolution
		{ED5B35B6-F5DC-4382-A1B9-14BD76DF763C}.Debug|Any CPU.ActiveCfg = Debug|Any CPU
		{ED5B35B6-F5DC-4382-A1B9-14BD76DF763C}.Debug|Any CPU.Build.0 = Debug|Any CPU
		{ED5B35B6-F5DC-4382-A1B9-14BD76DF763C}.Release|Any CPU.ActiveCfg = Release|Any CPU
		{ED5B35B6-F5DC-4382-A1B9-14BD76DF763C}.Release|Any CPU.Build.0 = Release|Any CPU
		{92199DD5-9763-45F6-86D8-3186B78D5C08}.Debug|Any CPU.ActiveCfg = Debug|Any CPU
		{92199DD5-9763-45F6-86D8-3186B78D5C08}.Debug|Any CPU.Build.0 = Debug|Any CPU
		{92199DD5-9763-45F6-86D8-3186B78D5C08}.Release|Any CPU.ActiveCfg = Release|Any CPU
		{92199DD5-9763-45F6-86D8-3186B78D5C08}.Release|Any CPU.Build.0 = Release|Any CPU
		{1E3C0922-729B-4717-ADFE-8F107B98946F}.Debug|Any CPU.ActiveCfg = Debug|Any CPU
		{1E3C0922-729B-4717-ADFE-8F107B98946F}.Debug|Any CPU.Build.0 = Debug|Any CPU
		{1E3C0922-729B-4717-ADFE-8F107B98946F}.Release|Any CPU.ActiveCfg = Release|Any CPU
		{1E3C0922-729B-4717-ADFE-8F107B98946F}.Release|Any CPU.Build.0 = Release|Any CPU
		{F89BD591-391B-49B3-BD49-C21ECA26B4E1}.Debug|Any CPU.ActiveCfg = Debug|Any CPU
		{F89BD591-391B-49B3-BD49-C21ECA26B4E1}.Debug|Any CPU.Build.0 = Debug|Any CPU
		{F89BD591-391B-49B3-BD49-C21ECA26B4E1}.Release|Any CPU.ActiveCfg = Release|Any CPU
		{F89BD591-391B-49B3-BD49-C21ECA26B4E1}.Release|Any CPU.Build.0 = Release|Any CPU
		{C02885CE-C4B7-4DEB-AD35-4DA372045DD0}.Debug|Any CPU.ActiveCfg = Debug|Any CPU
		{C02885CE-C4B7-4DEB-AD35-4DA372045DD0}.Debug|Any CPU.Build.0 = Debug|Any CPU
		{C02885CE-C4B7-4DEB-AD35-4DA372045DD0}.Release|Any CPU.ActiveCfg = Release|Any CPU
		{C02885CE-C4B7-4DEB-AD35-4DA372045DD0}.Release|Any CPU.Build.0 = Release|Any CPU
	EndGlobalSection
	GlobalSection(SolutionProperties) = preSolution
		HideSolutionNode = FALSE
	EndGlobalSection
	GlobalSection(ExtensibilityGlobals) = postSolution
		SolutionGuid = {4320E8FE-89F2-4AA6-9EFE-68AB32E9B7CB}
	EndGlobalSection
EndGlobal
